
Microsoft Visual Studio Solution File, Format Version 12.00
# Visual Studio 15
VisualStudioVersion = 15.0.27428.2043
MinimumVisualStudioVersion = 10.0.40219.1
Project("{FAE04EC0-301F-11D3-BF4B-00C04F79EFBC}") = "MarvBotV3", "MarvBotV3\MarvBotV3.csproj", "{00BB99D3-05D7-4F89-946E-B345804D7BB9}"
EndProject
Global
	GlobalSection(SolutionConfigurationPlatforms) = preSolution
		Debug|Any CPU = Debug|Any CPU
		Release|Any CPU = Release|Any CPU
	EndGlobalSection
	GlobalSection(ProjectConfigurationPlatforms) = postSolution
		{00BB99D3-05D7-4F89-946E-B345804D7BB9}.Debug|Any CPU.ActiveCfg = Debug|Any CPU
		{00BB99D3-05D7-4F89-946E-B345804D7BB9}.Debug|Any CPU.Build.0 = Debug|Any CPU
		{00BB99D3-05D7-4F89-946E-B345804D7BB9}.Release|Any CPU.ActiveCfg = Release|Any CPU
		{00BB99D3-05D7-4F89-946E-B345804D7BB9}.Release|Any CPU.Build.0 = Release|Any CPU
	EndGlobalSection
	GlobalSection(SolutionProperties) = preSolution
		HideSolutionNode = FALSE
	EndGlobalSection
	GlobalSection(ExtensibilityGlobals) = postSolution
		SolutionGuid = {4A9BD6C1-EB74-4AF2-9114-08239585AFBE}
	EndGlobalSection
EndGlobal
